// !$*UTF8*$!
{
	archiveVersion = 1;
	classes = {
	};
	objectVersion = 51;
	objects = {

/* Begin PBXBuildFile section */
		460BE1E6199F850301485BD0 /* Pods_MessengerIOS.framework in Frameworks */ = {isa = PBXBuildFile; fileRef = 376810C3DC15D422E2B75706 /* Pods_MessengerIOS.framework */; };
		FFDAFC0226B7165E001173ED /* FriendsStoryViewModel.swift in Sources */ = {isa = PBXBuildFile; fileRef = FFDAFC0126B7165E001173ED /* FriendsStoryViewModel.swift */; };
		FFDAFC0526B717B3001173ED /* FriendsStoryCell.swift in Sources */ = {isa = PBXBuildFile; fileRef = FFDAFC0426B717B3001173ED /* FriendsStoryCell.swift */; };
		FFDAFC0B26B82B41001173ED /* FriendStory.swift in Sources */ = {isa = PBXBuildFile; fileRef = FFDAFC0A26B82B41001173ED /* FriendStory.swift */; };
		FFDAFC1126B839DB001173ED /* Repository.swift in Sources */ = {isa = PBXBuildFile; fileRef = FFDAFC1026B839DB001173ED /* Repository.swift */; };
		FFE127EB26B69454001B2E2B /* AppDelegate.swift in Sources */ = {isa = PBXBuildFile; fileRef = FFE127EA26B69454001B2E2B /* AppDelegate.swift */; };
		FFE127ED26B69454001B2E2B /* SceneDelegate.swift in Sources */ = {isa = PBXBuildFile; fileRef = FFE127EC26B69454001B2E2B /* SceneDelegate.swift */; };
		FFE127F426B69455001B2E2B /* Assets.xcassets in Resources */ = {isa = PBXBuildFile; fileRef = FFE127F326B69455001B2E2B /* Assets.xcassets */; };
		FFE127F726B69455001B2E2B /* LaunchScreen.storyboard in Resources */ = {isa = PBXBuildFile; fileRef = FFE127F526B69455001B2E2B /* LaunchScreen.storyboard */; };
		FFE1280626B6A377001B2E2B /* HomeViewController.swift in Sources */ = {isa = PBXBuildFile; fileRef = FFE1280526B6A377001B2E2B /* HomeViewController.swift */; };
		FFE1280926B6A581001B2E2B /* MainTabBar.swift in Sources */ = {isa = PBXBuildFile; fileRef = FFE1280826B6A581001B2E2B /* MainTabBar.swift */; };
		FFE1280D26B6A6EE001B2E2B /* PeopleViewController.swift in Sources */ = {isa = PBXBuildFile; fileRef = FFE1280C26B6A6EE001B2E2B /* PeopleViewController.swift */; };
		FFE1281326B6A78B001B2E2B /* DiscoverViewController.swift in Sources */ = {isa = PBXBuildFile; fileRef = FFE1281226B6A78B001B2E2B /* DiscoverViewController.swift */; };
		FFE1281826B6BACF001B2E2B /* Extensions.swift in Sources */ = {isa = PBXBuildFile; fileRef = FFE1281726B6BACF001B2E2B /* Extensions.swift */; };
/* End PBXBuildFile section */

/* Begin PBXFileReference section */
		376810C3DC15D422E2B75706 /* Pods_MessengerIOS.framework */ = {isa = PBXFileReference; explicitFileType = wrapper.framework; includeInIndex = 0; path = Pods_MessengerIOS.framework; sourceTree = BUILT_PRODUCTS_DIR; };
		A4DA96F71614ACF942E72778 /* Pods-MessengerIOS.debug.xcconfig */ = {isa = PBXFileReference; includeInIndex = 1; lastKnownFileType = text.xcconfig; name = "Pods-MessengerIOS.debug.xcconfig"; path = "Target Support Files/Pods-MessengerIOS/Pods-MessengerIOS.debug.xcconfig"; sourceTree = "<group>"; };
		EC7E55A6BC8E7B3DD48B92FF /* Pods-MessengerIOS.release.xcconfig */ = {isa = PBXFileReference; includeInIndex = 1; lastKnownFileType = text.xcconfig; name = "Pods-MessengerIOS.release.xcconfig"; path = "Target Support Files/Pods-MessengerIOS/Pods-MessengerIOS.release.xcconfig"; sourceTree = "<group>"; };
		FFDAFC0126B7165E001173ED /* FriendsStoryViewModel.swift */ = {isa = PBXFileReference; lastKnownFileType = sourcecode.swift; path = FriendsStoryViewModel.swift; sourceTree = "<group>"; };
		FFDAFC0426B717B3001173ED /* FriendsStoryCell.swift */ = {isa = PBXFileReference; lastKnownFileType = sourcecode.swift; path = FriendsStoryCell.swift; sourceTree = "<group>"; };
		FFDAFC0A26B82B41001173ED /* FriendStory.swift */ = {isa = PBXFileReference; lastKnownFileType = sourcecode.swift; path = FriendStory.swift; sourceTree = "<group>"; };
		FFDAFC1026B839DB001173ED /* Repository.swift */ = {isa = PBXFileReference; lastKnownFileType = sourcecode.swift; path = Repository.swift; sourceTree = "<group>"; };
		FFE127E726B69454001B2E2B /* MessengerIOS.app */ = {isa = PBXFileReference; explicitFileType = wrapper.application; includeInIndex = 0; path = MessengerIOS.app; sourceTree = BUILT_PRODUCTS_DIR; };
		FFE127EA26B69454001B2E2B /* AppDelegate.swift */ = {isa = PBXFileReference; lastKnownFileType = sourcecode.swift; path = AppDelegate.swift; sourceTree = "<group>"; };
		FFE127EC26B69454001B2E2B /* SceneDelegate.swift */ = {isa = PBXFileReference; lastKnownFileType = sourcecode.swift; path = SceneDelegate.swift; sourceTree = "<group>"; };
		FFE127F326B69455001B2E2B /* Assets.xcassets */ = {isa = PBXFileReference; lastKnownFileType = folder.assetcatalog; path = Assets.xcassets; sourceTree = "<group>"; };
		FFE127F626B69455001B2E2B /* Base */ = {isa = PBXFileReference; lastKnownFileType = file.storyboard; name = Base; path = Base.lproj/LaunchScreen.storyboard; sourceTree = "<group>"; };
		FFE127F826B69455001B2E2B /* Info.plist */ = {isa = PBXFileReference; lastKnownFileType = text.plist.xml; path = Info.plist; sourceTree = "<group>"; };
		FFE1280526B6A377001B2E2B /* HomeViewController.swift */ = {isa = PBXFileReference; lastKnownFileType = sourcecode.swift; path = HomeViewController.swift; sourceTree = "<group>"; };
		FFE1280826B6A581001B2E2B /* MainTabBar.swift */ = {isa = PBXFileReference; lastKnownFileType = sourcecode.swift; path = MainTabBar.swift; sourceTree = "<group>"; };
		FFE1280C26B6A6EE001B2E2B /* PeopleViewController.swift */ = {isa = PBXFileReference; lastKnownFileType = sourcecode.swift; path = PeopleViewController.swift; sourceTree = "<group>"; };
		FFE1281226B6A78B001B2E2B /* DiscoverViewController.swift */ = {isa = PBXFileReference; lastKnownFileType = sourcecode.swift; path = DiscoverViewController.swift; sourceTree = "<group>"; };
		FFE1281726B6BACF001B2E2B /* Extensions.swift */ = {isa = PBXFileReference; lastKnownFileType = sourcecode.swift; path = Extensions.swift; sourceTree = "<group>"; };
/* End PBXFileReference section */

/* Begin PBXFrameworksBuildPhase section */
		FFE127E426B69454001B2E2B /* Frameworks */ = {
			isa = PBXFrameworksBuildPhase;
			buildActionMask = 2147483647;
			files = (
				460BE1E6199F850301485BD0 /* Pods_MessengerIOS.framework in Frameworks */,
			);
			runOnlyForDeploymentPostprocessing = 0;
		};
/* End PBXFrameworksBuildPhase section */

/* Begin PBXGroup section */
		8FB4F9D692409DF185F5FF0A /* Frameworks */ = {
			isa = PBXGroup;
			children = (
				376810C3DC15D422E2B75706 /* Pods_MessengerIOS.framework */,
			);
			name = Frameworks;
			sourceTree = "<group>";
		};
		ABE3BE8F56CDAA415D858B40 /* Pods */ = {
			isa = PBXGroup;
			children = (
				A4DA96F71614ACF942E72778 /* Pods-MessengerIOS.debug.xcconfig */,
				EC7E55A6BC8E7B3DD48B92FF /* Pods-MessengerIOS.release.xcconfig */,
			);
			path = Pods;
			sourceTree = "<group>";
		};
		FFDAFBFF26B715D4001173ED /* HomeScenes */ = {
			isa = PBXGroup;
			children = (
				FFDAFC0026B715ED001173ED /* FriendsStory */,
			);
			path = HomeScenes;
			sourceTree = "<group>";
		};
		FFDAFC0026B715ED001173ED /* FriendsStory */ = {
			isa = PBXGroup;
			children = (
				FFDAFC0426B717B3001173ED /* FriendsStoryCell.swift */,
				FFDAFC0126B7165E001173ED /* FriendsStoryViewModel.swift */,
			);
			path = FriendsStory;
			sourceTree = "<group>";
		};
		FFDAFC0926B82B22001173ED /* Model */ = {
			isa = PBXGroup;
			children = (
				FFDAFC0A26B82B41001173ED /* FriendStory.swift */,
			);
			path = Model;
			sourceTree = "<group>";
		};
		FFDAFC0F26B839C6001173ED /* Repository */ = {
			isa = PBXGroup;
			children = (
				FFDAFC1026B839DB001173ED /* Repository.swift */,
			);
			path = Repository;
			sourceTree = "<group>";
		};
		FFE127DE26B69454001B2E2B = {
			isa = PBXGroup;
			children = (
				FFE127E926B69454001B2E2B /* MessengerIOS */,
				FFE1281626B6BABC001B2E2B /* Utils */,
				FFE127E826B69454001B2E2B /* Products */,
				ABE3BE8F56CDAA415D858B40 /* Pods */,
				8FB4F9D692409DF185F5FF0A /* Frameworks */,
			);
			sourceTree = "<group>";
		};
		FFE127E826B69454001B2E2B /* Products */ = {
			isa = PBXGroup;
			children = (
				FFE127E726B69454001B2E2B /* MessengerIOS.app */,
			);
			name = Products;
			sourceTree = "<group>";
		};
		FFE127E926B69454001B2E2B /* MessengerIOS */ = {
			isa = PBXGroup;
			children = (
				FFDAFC0F26B839C6001173ED /* Repository */,
				FFDAFC0926B82B22001173ED /* Model */,
				FFE1281B26B6BB48001B2E2B /* MainTabBar */,
				FFE1281A26B6BB32001B2E2B /* Home */,
				FFE1281126B6A74B001B2E2B /* Discover */,
				FFE1280B26B6A6D8001B2E2B /* People */,
				FFE127EA26B69454001B2E2B /* AppDelegate.swift */,
				FFE127EC26B69454001B2E2B /* SceneDelegate.swift */,
				FFE127F326B69455001B2E2B /* Assets.xcassets */,
				FFE127F526B69455001B2E2B /* LaunchScreen.storyboard */,
				FFE127F826B69455001B2E2B /* Info.plist */,
			);
			path = MessengerIOS;
			sourceTree = "<group>";
		};
		FFE1280B26B6A6D8001B2E2B /* People */ = {
			isa = PBXGroup;
			children = (
				FFE1280C26B6A6EE001B2E2B /* PeopleViewController.swift */,
			);
			path = People;
			sourceTree = "<group>";
		};
		FFE1281126B6A74B001B2E2B /* Discover */ = {
			isa = PBXGroup;
			children = (
				FFE1281226B6A78B001B2E2B /* DiscoverViewController.swift */,
			);
			path = Discover;
			sourceTree = "<group>";
		};
		FFE1281626B6BABC001B2E2B /* Utils */ = {
			isa = PBXGroup;
			children = (
				FFE1281726B6BACF001B2E2B /* Extensions.swift */,
			);
			path = Utils;
			sourceTree = "<group>";
		};
		FFE1281A26B6BB32001B2E2B /* Home */ = {
			isa = PBXGroup;
			children = (
				FFDAFBFF26B715D4001173ED /* HomeScenes */,
				FFE1280526B6A377001B2E2B /* HomeViewController.swift */,
			);
			path = Home;
			sourceTree = "<group>";
		};
		FFE1281B26B6BB48001B2E2B /* MainTabBar */ = {
			isa = PBXGroup;
			children = (
				FFE1280826B6A581001B2E2B /* MainTabBar.swift */,
			);
			path = MainTabBar;
			sourceTree = "<group>";
		};
/* End PBXGroup section */

/* Begin PBXNativeTarget section */
		FFE127E626B69454001B2E2B /* MessengerIOS */ = {
			isa = PBXNativeTarget;
			buildConfigurationList = FFE127FB26B69455001B2E2B /* Build configuration list for PBXNativeTarget "MessengerIOS" */;
			buildPhases = (
				9A9B40F368DE4AA83C7F84F0 /* [CP] Check Pods Manifest.lock */,
				FFE127E326B69454001B2E2B /* Sources */,
				FFE127E426B69454001B2E2B /* Frameworks */,
				FFE127E526B69454001B2E2B /* Resources */,
				A76A5F4D496B9EBC1D002DB2 /* [CP] Embed Pods Frameworks */,
			);
			buildRules = (
			);
			dependencies = (
			);
			name = MessengerIOS;
			productName = MessengerIOS;
			productReference = FFE127E726B69454001B2E2B /* MessengerIOS.app */;
			productType = "com.apple.product-type.application";
		};
/* End PBXNativeTarget section */

/* Begin PBXProject section */
		FFE127DF26B69454001B2E2B /* Project object */ = {
			isa = PBXProject;
			attributes = {
				LastSwiftUpdateCheck = 1240;
				LastUpgradeCheck = 1240;
				TargetAttributes = {
					FFE127E626B69454001B2E2B = {
						CreatedOnToolsVersion = 12.4;
					};
				};
			};
			buildConfigurationList = FFE127E226B69454001B2E2B /* Build configuration list for PBXProject "MessengerIOS" */;
			compatibilityVersion = "Xcode 9.3";
			developmentRegion = en;
			hasScannedForEncodings = 0;
			knownRegions = (
				en,
				Base,
			);
			mainGroup = FFE127DE26B69454001B2E2B;
			productRefGroup = FFE127E826B69454001B2E2B /* Products */;
			projectDirPath = "";
			projectRoot = "";
			targets = (
				FFE127E626B69454001B2E2B /* MessengerIOS */,
			);
		};
/* End PBXProject section */

/* Begin PBXResourcesBuildPhase section */
		FFE127E526B69454001B2E2B /* Resources */ = {
			isa = PBXResourcesBuildPhase;
			buildActionMask = 2147483647;
			files = (
				FFE127F726B69455001B2E2B /* LaunchScreen.storyboard in Resources */,
				FFE127F426B69455001B2E2B /* Assets.xcassets in Resources */,
			);
			runOnlyForDeploymentPostprocessing = 0;
		};
/* End PBXResourcesBuildPhase section */

/* Begin PBXShellScriptBuildPhase section */
		9A9B40F368DE4AA83C7F84F0 /* [CP] Check Pods Manifest.lock */ = {
			isa = PBXShellScriptBuildPhase;
			buildActionMask = 2147483647;
			files = (
			);
			inputFileListPaths = (
			);
			inputPaths = (
				"${PODS_PODFILE_DIR_PATH}/Podfile.lock",
				"${PODS_ROOT}/Manifest.lock",
			);
			name = "[CP] Check Pods Manifest.lock";
			outputFileListPaths = (
			);
			outputPaths = (
				"$(DERIVED_FILE_DIR)/Pods-MessengerIOS-checkManifestLockResult.txt",
			);
			runOnlyForDeploymentPostprocessing = 0;
			shellPath = /bin/sh;
			shellScript = "diff \"${PODS_PODFILE_DIR_PATH}/Podfile.lock\" \"${PODS_ROOT}/Manifest.lock\" > /dev/null\nif [ $? != 0 ] ; then\n    # print error to STDERR\n    echo \"error: The sandbox is not in sync with the Podfile.lock. Run 'pod install' or update your CocoaPods installation.\" >&2\n    exit 1\nfi\n# This output is used by Xcode 'outputs' to avoid re-running this script phase.\necho \"SUCCESS\" > \"${SCRIPT_OUTPUT_FILE_0}\"\n";
			showEnvVarsInLog = 0;
		};
		A76A5F4D496B9EBC1D002DB2 /* [CP] Embed Pods Frameworks */ = {
			isa = PBXShellScriptBuildPhase;
			buildActionMask = 2147483647;
			files = (
			);
			inputFileListPaths = (
				"${PODS_ROOT}/Target Support Files/Pods-MessengerIOS/Pods-MessengerIOS-frameworks-${CONFIGURATION}-input-files.xcfilelist",
			);
			name = "[CP] Embed Pods Frameworks";
			outputFileListPaths = (
				"${PODS_ROOT}/Target Support Files/Pods-MessengerIOS/Pods-MessengerIOS-frameworks-${CONFIGURATION}-output-files.xcfilelist",
			);
			runOnlyForDeploymentPostprocessing = 0;
			shellPath = /bin/sh;
			shellScript = "\"${PODS_ROOT}/Target Support Files/Pods-MessengerIOS/Pods-MessengerIOS-frameworks.sh\"\n";
			showEnvVarsInLog = 0;
		};
/* End PBXShellScriptBuildPhase section */

/* Begin PBXSourcesBuildPhase section */
		FFE127E326B69454001B2E2B /* Sources */ = {
			isa = PBXSourcesBuildPhase;
			buildActionMask = 2147483647;
			files = (
				FFDAFC0226B7165E001173ED /* FriendsStoryViewModel.swift in Sources */,
				FFE1280926B6A581001B2E2B /* MainTabBar.swift in Sources */,
				FFDAFC0526B717B3001173ED /* FriendsStoryCell.swift in Sources */,
				FFE127EB26B69454001B2E2B /* AppDelegate.swift in Sources */,
				FFE1280D26B6A6EE001B2E2B /* PeopleViewController.swift in Sources */,
				FFDAFC1126B839DB001173ED /* Repository.swift in Sources */,
				FFE1281326B6A78B001B2E2B /* DiscoverViewController.swift in Sources */,
				FFE127ED26B69454001B2E2B /* SceneDelegate.swift in Sources */,
				FFDAFC0B26B82B41001173ED /* FriendStory.swift in Sources */,
				FFE1280626B6A377001B2E2B /* HomeViewController.swift in Sources */,
				FFE1281826B6BACF001B2E2B /* Extensions.swift in Sources */,
			);
			runOnlyForDeploymentPostprocessing = 0;
		};
/* End PBXSourcesBuildPhase section */

/* Begin PBXVariantGroup section */
		FFE127F526B69455001B2E2B /* LaunchScreen.storyboard */ = {
			isa = PBXVariantGroup;
			children = (
				FFE127F626B69455001B2E2B /* Base */,
			);
			name = LaunchScreen.storyboard;
			sourceTree = "<group>";
		};
/* End PBXVariantGroup section */

/* Begin XCBuildConfiguration section */
		FFE127F926B69455001B2E2B /* Debug */ = {
			isa = XCBuildConfiguration;
			buildSettings = {
				ALWAYS_SEARCH_USER_PATHS = NO;
				CLANG_ANALYZER_NONNULL = YES;
				CLANG_ANALYZER_NUMBER_OBJECT_CONVERSION = YES_AGGRESSIVE;
				CLANG_CXX_LANGUAGE_STANDARD = "gnu++14";
				CLANG_CXX_LIBRARY = "libc++";
				CLANG_ENABLE_MODULES = YES;
				CLANG_ENABLE_OBJC_ARC = YES;
				CLANG_ENABLE_OBJC_WEAK = YES;
				CLANG_WARN_BLOCK_CAPTURE_AUTORELEASING = YES;
				CLANG_WARN_BOOL_CONVERSION = YES;
				CLANG_WARN_COMMA = YES;
				CLANG_WARN_CONSTANT_CONVERSION = YES;
				CLANG_WARN_DEPRECATED_OBJC_IMPLEMENTATIONS = YES;
				CLANG_WARN_DIRECT_OBJC_ISA_USAGE = YES_ERROR;
				CLANG_WARN_DOCUMENTATION_COMMENTS = YES;
				CLANG_WARN_EMPTY_BODY = YES;
				CLANG_WARN_ENUM_CONVERSION = YES;
				CLANG_WARN_INFINITE_RECURSION = YES;
				CLANG_WARN_INT_CONVERSION = YES;
				CLANG_WARN_NON_LITERAL_NULL_CONVERSION = YES;
				CLANG_WARN_OBJC_IMPLICIT_RETAIN_SELF = YES;
				CLANG_WARN_OBJC_LITERAL_CONVERSION = YES;
				CLANG_WARN_OBJC_ROOT_CLASS = YES_ERROR;
				CLANG_WARN_QUOTED_INCLUDE_IN_FRAMEWORK_HEADER = YES;
				CLANG_WARN_RANGE_LOOP_ANALYSIS = YES;
				CLANG_WARN_STRICT_PROTOTYPES = YES;
				CLANG_WARN_SUSPICIOUS_MOVE = YES;
				CLANG_WARN_UNGUARDED_AVAILABILITY = YES_AGGRESSIVE;
				CLANG_WARN_UNREACHABLE_CODE = YES;
				CLANG_WARN__DUPLICATE_METHOD_MATCH = YES;
				COPY_PHASE_STRIP = NO;
				DEBUG_INFORMATION_FORMAT = dwarf;
				ENABLE_STRICT_OBJC_MSGSEND = YES;
				ENABLE_TESTABILITY = YES;
				GCC_C_LANGUAGE_STANDARD = gnu11;
				GCC_DYNAMIC_NO_PIC = NO;
				GCC_NO_COMMON_BLOCKS = YES;
				GCC_OPTIMIZATION_LEVEL = 0;
				GCC_PREPROCESSOR_DEFINITIONS = (
					"DEBUG=1",
					"$(inherited)",
				);
				GCC_WARN_64_TO_32_BIT_CONVERSION = YES;
				GCC_WARN_ABOUT_RETURN_TYPE = YES_ERROR;
				GCC_WARN_UNDECLARED_SELECTOR = YES;
				GCC_WARN_UNINITIALIZED_AUTOS = YES_AGGRESSIVE;
				GCC_WARN_UNUSED_FUNCTION = YES;
				GCC_WARN_UNUSED_VARIABLE = YES;
				IPHONEOS_DEPLOYMENT_TARGET = 14.4;
				MTL_ENABLE_DEBUG_INFO = INCLUDE_SOURCE;
				MTL_FAST_MATH = YES;
				ONLY_ACTIVE_ARCH = YES;
				SDKROOT = iphoneos;
				SWIFT_ACTIVE_COMPILATION_CONDITIONS = DEBUG;
				SWIFT_OPTIMIZATION_LEVEL = "-Onone";
			};
			name = Debug;
		};
		FFE127FA26B69455001B2E2B /* Release */ = {
			isa = XCBuildConfiguration;
			buildSettings = {
				ALWAYS_SEARCH_USER_PATHS = NO;
				CLANG_ANALYZER_NONNULL = YES;
				CLANG_ANALYZER_NUMBER_OBJECT_CONVERSION = YES_AGGRESSIVE;
				CLANG_CXX_LANGUAGE_STANDARD = "gnu++14";
				CLANG_CXX_LIBRARY = "libc++";
				CLANG_ENABLE_MODULES = YES;
				CLANG_ENABLE_OBJC_ARC = YES;
				CLANG_ENABLE_OBJC_WEAK = YES;
				CLANG_WARN_BLOCK_CAPTURE_AUTORELEASING = YES;
				CLANG_WARN_BOOL_CONVERSION = YES;
				CLANG_WARN_COMMA = YES;
				CLANG_WARN_CONSTANT_CONVERSION = YES;
				CLANG_WARN_DEPRECATED_OBJC_IMPLEMENTATIONS = YES;
				CLANG_WARN_DIRECT_OBJC_ISA_USAGE = YES_ERROR;
				CLANG_WARN_DOCUMENTATION_COMMENTS = YES;
				CLANG_WARN_EMPTY_BODY = YES;
				CLANG_WARN_ENUM_CONVERSION = YES;
				CLANG_WARN_INFINITE_RECURSION = YES;
				CLANG_WARN_INT_CONVERSION = YES;
				CLANG_WARN_NON_LITERAL_NULL_CONVERSION = YES;
				CLANG_WARN_OBJC_IMPLICIT_RETAIN_SELF = YES;
				CLANG_WARN_OBJC_LITERAL_CONVERSION = YES;
				CLANG_WARN_OBJC_ROOT_CLASS = YES_ERROR;
				CLANG_WARN_QUOTED_INCLUDE_IN_FRAMEWORK_HEADER = YES;
				CLANG_WARN_RANGE_LOOP_ANALYSIS = YES;
				CLANG_WARN_STRICT_PROTOTYPES = YES;
				CLANG_WARN_SUSPICIOUS_MOVE = YES;
				CLANG_WARN_UNGUARDED_AVAILABILITY = YES_AGGRESSIVE;
				CLANG_WARN_UNREACHABLE_CODE = YES;
				CLANG_WARN__DUPLICATE_METHOD_MATCH = YES;
				COPY_PHASE_STRIP = NO;
				DEBUG_INFORMATION_FORMAT = "dwarf-with-dsym";
				ENABLE_NS_ASSERTIONS = NO;
				ENABLE_STRICT_OBJC_MSGSEND = YES;
				GCC_C_LANGUAGE_STANDARD = gnu11;
				GCC_NO_COMMON_BLOCKS = YES;
				GCC_WARN_64_TO_32_BIT_CONVERSION = YES;
				GCC_WARN_ABOUT_RETURN_TYPE = YES_ERROR;
				GCC_WARN_UNDECLARED_SELECTOR = YES;
				GCC_WARN_UNINITIALIZED_AUTOS = YES_AGGRESSIVE;
				GCC_WARN_UNUSED_FUNCTION = YES;
				GCC_WARN_UNUSED_VARIABLE = YES;
				IPHONEOS_DEPLOYMENT_TARGET = 14.4;
				MTL_ENABLE_DEBUG_INFO = NO;
				MTL_FAST_MATH = YES;
				SDKROOT = iphoneos;
				SWIFT_COMPILATION_MODE = wholemodule;
				SWIFT_OPTIMIZATION_LEVEL = "-O";
				VALIDATE_PRODUCT = YES;
			};
			name = Release;
		};
		FFE127FC26B69455001B2E2B /* Debug */ = {
			isa = XCBuildConfiguration;
			baseConfigurationReference = A4DA96F71614ACF942E72778 /* Pods-MessengerIOS.debug.xcconfig */;
			buildSettings = {
				ASSETCATALOG_COMPILER_APPICON_NAME = AppIcon;
				ASSETCATALOG_COMPILER_GLOBAL_ACCENT_COLOR_NAME = AccentColor;
				CODE_SIGN_STYLE = Automatic;
				DEVELOPMENT_TEAM = HT46X4SNBR;
				INFOPLIST_FILE = MessengerIOS/Info.plist;
				IPHONEOS_DEPLOYMENT_TARGET = 13.4;
				LD_RUNPATH_SEARCH_PATHS = (
					"$(inherited)",
					"@executable_path/Frameworks",
				);
				PRODUCT_BUNDLE_IDENTIFIER = com.LearnIOS.MessengerIOS;
				PRODUCT_NAME = "$(TARGET_NAME)";
				SWIFT_VERSION = 5.0;
				TARGETED_DEVICE_FAMILY = "1,2";
			};
			name = Debug;
		};
		FFE127FD26B69455001B2E2B /* Release */ = {
			isa = XCBuildConfiguration;
			baseConfigurationReference = EC7E55A6BC8E7B3DD48B92FF /* Pods-MessengerIOS.release.xcconfig */;
			buildSettings = {
				ASSETCATALOG_COMPILER_APPICON_NAME = AppIcon;
				ASSETCATALOG_COMPILER_GLOBAL_ACCENT_COLOR_NAME = AccentColor;
				CODE_SIGN_STYLE = Automatic;
				DEVELOPMENT_TEAM = HT46X4SNBR;
				INFOPLIST_FILE = MessengerIOS/Info.plist;
				IPHONEOS_DEPLOYMENT_TARGET = 13.4;
				LD_RUNPATH_SEARCH_PATHS = (
					"$(inherited)",
					"@executable_path/Frameworks",
				);
				PRODUCT_BUNDLE_IDENTIFIER = com.LearnIOS.MessengerIOS;
				PRODUCT_NAME = "$(TARGET_NAME)";
				SWIFT_VERSION = 5.0;
				TARGETED_DEVICE_FAMILY = "1,2";
			};
			name = Release;
		};
/* End XCBuildConfiguration section */

/* Begin XCConfigurationList section */
		FFE127E226B69454001B2E2B /* Build configuration list for PBXProject "MessengerIOS" */ = {
			isa = XCConfigurationList;
			buildConfigurations = (
				FFE127F926B69455001B2E2B /* Debug */,
				FFE127FA26B69455001B2E2B /* Release */,
			);
			defaultConfigurationIsVisible = 0;
			defaultConfigurationName = Release;
		};
		FFE127FB26B69455001B2E2B /* Build configuration list for PBXNativeTarget "MessengerIOS" */ = {
			isa = XCConfigurationList;
			buildConfigurations = (
				FFE127FC26B69455001B2E2B /* Debug */,
				FFE127FD26B69455001B2E2B /* Release */,
			);
			defaultConfigurationIsVisible = 0;
			defaultConfigurationName = Release;
		};
/* End XCConfigurationList section */
	};
	rootObject = FFE127DF26B69454001B2E2B /* Project object */;
}
